# THIS IS AN AUTOGENERATED FILE. DO NOT EDIT THIS FILE DIRECTLY.
# yarn lockfile v1


"@irojs/iro-core@^1.2.1":
  version "1.2.1"
  resolved "https://registry.yarnpkg.com/@irojs/iro-core/-/iro-core-1.2.1.tgz#ab45cf0899717fae785ef9661b82bb6f78cd3748"
  integrity sha512-p2OvsBSSmidsDsTSkID6jEyXDF7lcyxPrkh3qBzasBZFpjkYd6kZ3yMWai3MlAaQ3F7li/Et7rSJVV09Fpei+A==

"@jaames/iro@^5.5.2":
  version "5.5.2"
  resolved "https://registry.yarnpkg.com/@jaames/iro/-/iro-5.5.2.tgz#15301c19080b985aede06c5f07867aa20d06e679"
  integrity sha512-Fbi5U4Vdkw6UsF+R3oMlPONqkvUDMkwzh+mX718gQsDFt3+1r1jvGsrfCbedmXAAy0WsjDHOrefK0BkDk99TQg==
  dependencies:
    "@irojs/iro-core" "^1.2.1"
    preact "^10.0.0"

"@types/json-schema@^7.0.9":
  version "7.0.9"
  resolved "https://registry.yarnpkg.com/@types/json-schema/-/json-schema-7.0.9.tgz#97edc9037ea0c38585320b28964dde3b39e4660d"
  integrity sha512-qcUXuemtEu+E5wZSJHNxUXeCZhAfXKQ41D+duX+VYPde7xyEVZci+/oXKJL13tnRs9lR2pr4fod59GT6/X1/yQ==

"@xstate/fsm@^1.6.2":
  version "1.6.2"
  resolved "https://registry.yarnpkg.com/@xstate/fsm/-/fsm-1.6.2.tgz#177a6920ba0d7d8522585641adc42ba59ecd9e36"
  integrity sha512-vOfiFVQu9mQceA8oJ3PcA4vwhtyo/j/mbVDVIlHDOh3iuiTqMnp805zZ3QsouRdO2Ie3B7n3jMw8BntI74fZxg==

clsx@^1.1.1:
  version "1.1.1"
  resolved "https://registry.yarnpkg.com/clsx/-/clsx-1.1.1.tgz#98b3134f9abbdf23b2663491ace13c5c03a73188"
  integrity sha512-6/bPho624p3S2pMyvP5kKBPXnI3ufHLObBFCfgx+LkeR5lg2XYy2hqZqUf45ypD8COn2bhgGJSUE+l5dhNBieA==

dset@^3.1.1:
  version "3.1.1"
  resolved "https://registry.yarnpkg.com/dset/-/dset-3.1.1.tgz#07de5af7a8d03eab337ad1a8ba77fe17bba61a8c"
  integrity sha512-hYf+jZNNqJBD2GiMYb+5mqOIX4R4RRHXU3qWMWYN+rqcR2/YpRL2bUHr8C8fU+5DNvqYjJ8YvMGSLuVPWU1cNg==

goober@^2.1.1:
  version "2.1.1"
  resolved "https://registry.yarnpkg.com/goober/-/goober-2.1.1.tgz#2328a6dae015c3cd30fc55a70090037a244ad2f6"
  integrity sha512-TkGCqHxE4g5DtdpwxFCi53bXRtvw0BoSgCihVSIOioe9kfkqin5wXG8BQKykN0tjzmxZJ81qU2KWinZf5qKVlw==

preact-feather@^4.2.1:
  version "4.2.1"
  resolved "https://registry.yarnpkg.com/preact-feather/-/preact-feather-4.2.1.tgz#6932e07452c1f61f55a631240fce493b4dd279f7"
  integrity sha512-yK5kYW64AoOkm+xTtUjwcFx0zNrqVTbwmtww8G2AmAB6f8wyQgwZgc6oRXllSYeg7q1I8VbkUpErJuKJ6Vq2eA==

preact-iso@^2.3.0:
  version "2.3.0"
  resolved "https://registry.yarnpkg.com/preact-iso/-/preact-iso-2.3.0.tgz#ab6c5de28df9e0f7a0589dd2175a83ba821f69ec"
  integrity sha512-taJmRidbWrjHEhoVoxXS2Kvxa6X3jXSsTtD7rSYeJuxnPNr1ghCu1JUzCrRxmZwTUNWIqwUpNi+AJoLtvCPN7g==

preact@^10.0.0, preact@^10.6.4:
  version "10.6.4"
  resolved "https://registry.yarnpkg.com/preact/-/preact-10.6.4.tgz#ad12c409ff1b4316158486e0a7b8d43636f7ced8"
  integrity sha512-WyosM7pxGcndU8hY0OQlLd54tOU+qmG45QXj2dAYrL11HoyU/EzOSTlpJsirbBr1QW7lICxSsVJJmcmUglovHQ==

prettier@^2.5.1:
  version "2.5.1"
  resolved "https://registry.yarnpkg.com/prettier/-/prettier-2.5.1.tgz#fff75fa9d519c54cf0fce328c1017d94546bc56a"
  integrity sha512-vBZcPRUR5MZJwoyi3ZoyQlc1rXeEck8KgeC9AwwOn+exuxLxq5toTRDTSaVrXHxelDMHy9zlicw8u66yxoSUFg==

wmr@^3.7.2:
  version "3.7.2"
  resolved "https://registry.yarnpkg.com/wmr/-/wmr-3.7.2.tgz#3d6dfb771fafc0e2119d4502aaea26ecd5963c19"
  integrity sha512-i+e/T8J067qP2pBgq6E2gaW9qMGK+D9eGue85YM0Vflc2UuzXBP3fSS5PzvyHEKuPHZWmcFBmZRs6DU9Lkr9og==
