# THIS IS AN AUTOGENERATED FILE. DO NOT EDIT THIS FILE DIRECTLY.
# yarn lockfile v1


"@irojs/iro-core@^1.0.5":
  version "1.0.5"
  resolved "https://registry.yarnpkg.com/@irojs/iro-core/-/iro-core-1.0.5.tgz#09ef436051131871555ec8b0486d30db4e9c23be"
  integrity sha512-tGSYaSechLfF+40oBwsunsL9q2+bvcy1FCa6n/2OKDVgtn9a36XZX2DiJvsQX5u/6I62GCemSlvyAwlqOXQnwQ==

"@jaames/iro@^5.3.2":
  version "5.3.2"
  resolved "https://registry.yarnpkg.com/@jaames/iro/-/iro-5.3.2.tgz#762e2472d867c236d5c5e9a5fee1f9c0b79216ff"
  integrity sha512-b8/ITsVLEkoNQU7AVsvdn96PSC4mKAqmzAYvcELMr1GMq+G2niUe7dwAn3p5For7l+VG1J7UPJlZdwMlBIl6gw==
  dependencies:
    "@irojs/iro-core" "^1.0.5"
    preact "^10.0.0"

"@types/json-schema@^7.0.7":
  version "7.0.7"
  resolved "https://registry.yarnpkg.com/@types/json-schema/-/json-schema-7.0.7.tgz#98a993516c859eb0d5c4c8f098317a9ea68db9ad"
  integrity sha512-cxWFQVseBm6O9Gbw1IWb8r6OS4OhSt3hPZLkFApLjM8TEXROBuQGLAH2i2gZpcXdLBIrpXuTDhH7Vbm1iXmNGA==

"@xstate/fsm@^1.6.0":
  version "1.6.0"
  resolved "https://registry.yarnpkg.com/@xstate/fsm/-/fsm-1.6.0.tgz#589cefcef426d5bf3d654edbca89e84e3b637c5f"
  integrity sha512-YJpzKLPxMBUUQCTkjIbicsax6svTbPz5ykTkotIaa3kOoTnBJ4CWfC0cSQuMg7FAsfV2XWOuEsFq0dbmY7NtXg==

clsx@^1.1.1:
  version "1.1.1"
  resolved "https://registry.yarnpkg.com/clsx/-/clsx-1.1.1.tgz#98b3134f9abbdf23b2663491ace13c5c03a73188"
  integrity sha512-6/bPho624p3S2pMyvP5kKBPXnI3ufHLObBFCfgx+LkeR5lg2XYy2hqZqUf45ypD8COn2bhgGJSUE+l5dhNBieA==

goober@^2.0.36:
  version "2.0.36"
  resolved "https://registry.yarnpkg.com/goober/-/goober-2.0.36.tgz#460186364f81983e1f7ea6abc95c661fc0dbd37c"
  integrity sha512-Hute+CvX7s1L4pSAaMOmRTwbBU7Rhv6q3RwkxwQcwhcA1o/EzaqLNhbBBXDNeOjtU8i75fUOQDnW46SjbSHaOg==

preact-feather@^4.2.1:
  version "4.2.1"
  resolved "https://registry.yarnpkg.com/preact-feather/-/preact-feather-4.2.1.tgz#6932e07452c1f61f55a631240fce493b4dd279f7"
  integrity sha512-yK5kYW64AoOkm+xTtUjwcFx0zNrqVTbwmtww8G2AmAB6f8wyQgwZgc6oRXllSYeg7q1I8VbkUpErJuKJ6Vq2eA==

preact-iso@^1.0.0:
  version "1.0.1"
  resolved "https://registry.yarnpkg.com/preact-iso/-/preact-iso-1.0.1.tgz#be0ef5762357bb6c227becdbb2f642d8405cc8e1"
  integrity sha512-A7TpYHNrDe9Mk0oyGyr6UNrd3Yo4+JTq/dIqsuZDgpRE2A/KhkC2Tkp+mkOzYGtJhv4pqXvoiW2KOapVM2Szgw==

preact@^10.0.0, preact@^10.5.12:
  version "10.5.13"
  resolved "https://registry.yarnpkg.com/preact/-/preact-10.5.13.tgz#85f6c9197ecd736ce8e3bec044d08fd1330fa019"
  integrity sha512-q/vlKIGNwzTLu+jCcvywgGrt+H/1P/oIRSD6mV4ln3hmlC+Aa34C7yfPI4+5bzW8pONyVXYS7SvXosy2dKKtWQ==

prettier@^2.2.1:
  version "2.2.1"
  resolved "https://registry.yarnpkg.com/prettier/-/prettier-2.2.1.tgz#795a1a78dd52f073da0cd42b21f9c91381923ff5"
  integrity sha512-PqyhM2yCjg/oKkFPtTGUojv7gnZAoG80ttl45O6x2Ug/rMJw4wcc9k6aaf2hibP7BGVCCM33gZoGjyvt9mm16Q==

wmr@^1.2.0:
  version "1.3.2"
  resolved "https://registry.yarnpkg.com/wmr/-/wmr-1.3.2.tgz#23730dc5ffb4a2449932808013e5de862d6da395"
  integrity sha512-XOj9OXpQ9LsZJPQSdo5poiielifmXMp3QF2DxFdmu01LxT0ohd6iqPi9Qj3eqExH3O9srD1yG/HOwxQRAly0Wg==
