# THIS IS AN AUTOGENERATED FILE. DO NOT EDIT THIS FILE DIRECTLY.
# yarn lockfile v1


"@irojs/iro-core@^1.2.1":
  version "1.2.1"
  resolved "https://registry.yarnpkg.com/@irojs/iro-core/-/iro-core-1.2.1.tgz#ab45cf0899717fae785ef9661b82bb6f78cd3748"
  integrity sha512-p2OvsBSSmidsDsTSkID6jEyXDF7lcyxPrkh3qBzasBZFpjkYd6kZ3yMWai3MlAaQ3F7li/Et7rSJVV09Fpei+A==

"@jaames/iro@^5.5.2":
  version "5.5.2"
  resolved "https://registry.yarnpkg.com/@jaames/iro/-/iro-5.5.2.tgz#15301c19080b985aede06c5f07867aa20d06e679"
  integrity sha512-Fbi5U4Vdkw6UsF+R3oMlPONqkvUDMkwzh+mX718gQsDFt3+1r1jvGsrfCbedmXAAy0WsjDHOrefK0BkDk99TQg==
  dependencies:
    "@irojs/iro-core" "^1.2.1"
    preact "^10.0.0"

"@types/json-schema@^7.0.9":
  version "7.0.9"
  resolved "https://registry.yarnpkg.com/@types/json-schema/-/json-schema-7.0.9.tgz#97edc9037ea0c38585320b28964dde3b39e4660d"
  integrity sha512-qcUXuemtEu+E5wZSJHNxUXeCZhAfXKQ41D+duX+VYPde7xyEVZci+/oXKJL13tnRs9lR2pr4fod59GT6/X1/yQ==

"@xstate/fsm@^1.6.2":
  version "1.6.2"
  resolved "https://registry.yarnpkg.com/@xstate/fsm/-/fsm-1.6.2.tgz#177a6920ba0d7d8522585641adc42ba59ecd9e36"
  integrity sha512-vOfiFVQu9mQceA8oJ3PcA4vwhtyo/j/mbVDVIlHDOh3iuiTqMnp805zZ3QsouRdO2Ie3B7n3jMw8BntI74fZxg==

clsx@^1.1.1:
  version "1.1.1"
  resolved "https://registry.yarnpkg.com/clsx/-/clsx-1.1.1.tgz#98b3134f9abbdf23b2663491ace13c5c03a73188"
  integrity sha512-6/bPho624p3S2pMyvP5kKBPXnI3ufHLObBFCfgx+LkeR5lg2XYy2hqZqUf45ypD8COn2bhgGJSUE+l5dhNBieA==

dset@^3.1.0:
  version "3.1.0"
  resolved "https://registry.yarnpkg.com/dset/-/dset-3.1.0.tgz#23feb6df93816ea452566308b1374d6e869b0d7b"
  integrity sha512-7xTQ5DzyE59Nn+7ZgXDXjKAGSGmXZHqttMVVz1r4QNfmGpyj+cm2YtI3II0c/+4zS4a9yq2mBhgdeq2QnpcYlw==

goober@^2.0.41:
  version "2.0.41"
  resolved "https://registry.yarnpkg.com/goober/-/goober-2.0.41.tgz#0a3d786ff9917bcf2a096eef703bf717838cbec9"
  integrity sha512-kwjegMT5018zWydhOQlQneCgCtrKJaPsru7TaBWmTYV0nsMeUrM6L6O8JmNYb9UbPMgWcmtf+9p4Y3oJabIH1A==

preact-feather@^4.2.1:
  version "4.2.1"
  resolved "https://registry.yarnpkg.com/preact-feather/-/preact-feather-4.2.1.tgz#6932e07452c1f61f55a631240fce493b4dd279f7"
  integrity sha512-yK5kYW64AoOkm+xTtUjwcFx0zNrqVTbwmtww8G2AmAB6f8wyQgwZgc6oRXllSYeg7q1I8VbkUpErJuKJ6Vq2eA==

preact-iso@^2.2.0:
  version "2.2.0"
  resolved "https://registry.yarnpkg.com/preact-iso/-/preact-iso-2.2.0.tgz#675b9be21e0299f6d82ebd14a8f1e1932ef98190"
  integrity sha512-BIUOYJWnfmOcgFiuAqGTLkqvC2Rqlpn3aLP/ik8kT8afKdLrG3CvBEpSQivMrFY1o2InGX/jEL44ofmoQdoieA==

preact@^10.0.0:
  version "10.5.13"
  resolved "https://registry.yarnpkg.com/preact/-/preact-10.5.13.tgz#85f6c9197ecd736ce8e3bec044d08fd1330fa019"
  integrity sha512-q/vlKIGNwzTLu+jCcvywgGrt+H/1P/oIRSD6mV4ln3hmlC+Aa34C7yfPI4+5bzW8pONyVXYS7SvXosy2dKKtWQ==

preact@^10.5.14:
  version "10.5.14"
  resolved "https://registry.yarnpkg.com/preact/-/preact-10.5.14.tgz#0b14a2eefba3c10a57116b90d1a65f5f00cd2701"
  integrity sha512-KojoltCrshZ099ksUZ2OQKfbH66uquFoxHSbnwKbTJHeQNvx42EmC7wQVWNuDt6vC5s3nudRHFtKbpY4ijKlaQ==

prettier@^2.3.2:
  version "2.3.2"
  resolved "https://registry.yarnpkg.com/prettier/-/prettier-2.3.2.tgz#ef280a05ec253712e486233db5c6f23441e7342d"
  integrity sha512-lnJzDfJ66zkMy58OL5/NY5zp70S7Nz6KqcKkXYzn2tMVrNxvbqaBpg7H3qHaLxCJ5lNMsGuM8+ohS7cZrthdLQ==

wmr@^3.7.0:
  version "3.7.0"
  resolved "https://registry.yarnpkg.com/wmr/-/wmr-3.7.0.tgz#6a89001e18376b4892fcde229e78df9defbdd949"
  integrity sha512-oKSKPJdk+xqU4ohuQjb7T7SUj7M+Cn8seyNqUPm6VhxyHPVfGRs2tygaB1Z/4IXeCJdFfNW86sFt1aIdYSD7+Q==
